
Microsoft Visual Studio Solution File, Format Version 12.00
# Visual Studio Version 17
VisualStudioVersion = 17.4.33122.133
MinimumVisualStudioVersion = 10.0.40219.1
Project("{888888A0-9F3D-457C-B088-3A5042F75D52}") = "C45OnIris", "C45OnIris\C45OnIris.pyproj", "{29A281F1-EBDF-4ECA-BC9C-04C6E11286F5}"
EndProject
Global
	GlobalSection(SolutionConfigurationPlatforms) = preSolution
		Debug|Any CPU = Debug|Any CPU
		Release|Any CPU = Release|Any CPU
	EndGlobalSection
	GlobalSection(ProjectConfigurationPlatforms) = postSolution
		{29A281F1-EBDF-4ECA-BC9C-04C6E11286F5}.Debug|Any CPU.ActiveCfg = Debug|Any CPU
		{29A281F1-EBDF-4ECA-BC9C-04C6E11286F5}.Release|Any CPU.ActiveCfg = Release|Any CPU
	EndGlobalSection
	GlobalSection(SolutionProperties) = preSolution
		HideSolutionNode = FALSE
	EndGlobalSection
	GlobalSection(ExtensibilityGlobals) = postSolution
		SolutionGuid = {039858BF-7EFE-4D00-A6F9-1B238C14F60F}
	EndGlobalSection
EndGlobal
